PODS:
  - Onboarding (0.1.2)

DEPENDENCIES:
  - Onboarding (from `https://github.com/voidref/Onboarding.git`)

EXTERNAL SOURCES:
  Onboarding:
    :git: https://github.com/voidref/Onboarding.git

CHECKOUT OPTIONS:
  Onboarding:
    :commit: 8fc1f97039ef9fc80585fffb70616a8cfa4477e5
    :git: https://github.com/voidref/Onboarding.git

SPEC CHECKSUMS:
  Onboarding: 90457569585d67dfcd78c5bf77e5d80f0522ca72

PODFILE CHECKSUM: 6f1c43c429f77dea0dcfe9558360923cfe2e9fdb

COCOAPODS: 1.0.0
